
Microsoft Visual Studio Solution File, Format Version 12.00
# Visual Studio Version 17
VisualStudioVersion = 17.7.33711.374
MinimumVisualStudioVersion = 10.0.40219.1
Project("{9A19103F-16F7-4668-BE54-9A1E7A4F7556}") = "BookShop", "BookShop\BookShop.csproj", "{9CF3C5AD-2F14-44D9-925F-7379EA0F10F0}"
EndProject
Project("{9A19103F-16F7-4668-BE54-9A1E7A4F7556}") = "BookShop_Razor", "..\BookShop_Razor\BookShop_Razor.csproj", "{8F8F9F30-3CEF-4A37-B189-6C3412A66D5C}"
EndProject
Global
	GlobalSection(SolutionConfigurationPlatforms) = preSolution
		Debug|Any CPU = Debug|Any CPU
		Release|Any CPU = Release|Any CPU
	EndGlobalSection
	GlobalSection(ProjectConfigurationPlatforms) = postSolution
		{9CF3C5AD-2F14-44D9-925F-7379EA0F10F0}.Debug|Any CPU.ActiveCfg = Debug|Any CPU
		{9CF3C5AD-2F14-44D9-925F-7379EA0F10F0}.Debug|Any CPU.Build.0 = Debug|Any CPU
		{9CF3C5AD-2F14-44D9-925F-7379EA0F10F0}.Release|Any CPU.ActiveCfg = Release|Any CPU
		{9CF3C5AD-2F14-44D9-925F-7379EA0F10F0}.Release|Any CPU.Build.0 = Release|Any CPU
		{8F8F9F30-3CEF-4A37-B189-6C3412A66D5C}.Debug|Any CPU.ActiveCfg = Debug|Any CPU
		{8F8F9F30-3CEF-4A37-B189-6C3412A66D5C}.Debug|Any CPU.Build.0 = Debug|Any CPU
		{8F8F9F30-3CEF-4A37-B189-6C3412A66D5C}.Release|Any CPU.ActiveCfg = Release|Any CPU
		{8F8F9F30-3CEF-4A37-B189-6C3412A66D5C}.Release|Any CPU.Build.0 = Release|Any CPU
	EndGlobalSection
	GlobalSection(SolutionProperties) = preSolution
		HideSolutionNode = FALSE
	EndGlobalSection
	GlobalSection(ExtensibilityGlobals) = postSolution
		SolutionGuid = {46ADB94E-7D4B-4E82-86C6-AD62B080369E}
	EndGlobalSection
EndGlobal
